
Microsoft Visual Studio Solution File, Format Version 12.00
# Visual Studio 2012
Project("{FAE04EC0-301F-11D3-BF4B-00C04F79EFBC}") = "CCG", "CCG\CCG.csproj", "{7F59F788-6B07-4786-A715-AD962D866A49}"
EndProject
Project("{FAE04EC0-301F-11D3-BF4B-00C04F79EFBC}") = "Test", "Test\Test.csproj", "{609E04DC-0119-4FD6-B659-68427E45E68E}"
EndProject
Global
	GlobalSection(SolutionConfigurationPlatforms) = preSolution
		Debug|Any CPU = Debug|Any CPU
		Release|Any CPU = Release|Any CPU
	EndGlobalSection
	GlobalSection(ProjectConfigurationPlatforms) = postSolution
		{7F59F788-6B07-4786-A715-AD962D866A49}.Debug|Any CPU.ActiveCfg = Debug|Any CPU
		{7F59F788-6B07-4786-A715-AD962D866A49}.Debug|Any CPU.Build.0 = Debug|Any CPU
		{7F59F788-6B07-4786-A715-AD962D866A49}.Release|Any CPU.ActiveCfg = Release|Any CPU
		{7F59F788-6B07-4786-A715-AD962D866A49}.Release|Any CPU.Build.0 = Release|Any CPU
		{609E04DC-0119-4FD6-B659-68427E45E68E}.Debug|Any CPU.ActiveCfg = Debug|Any CPU
		{609E04DC-0119-4FD6-B659-68427E45E68E}.Debug|Any CPU.Build.0 = Debug|Any CPU
		{609E04DC-0119-4FD6-B659-68427E45E68E}.Release|Any CPU.ActiveCfg = Release|Any CPU
		{609E04DC-0119-4FD6-B659-68427E45E68E}.Release|Any CPU.Build.0 = Release|Any CPU
	EndGlobalSection
	GlobalSection(SolutionProperties) = preSolution
		HideSolutionNode = FALSE
	EndGlobalSection
EndGlobal
